// !$*UTF8*$!
{
	archiveVersion = 1;
	classes = {
	};
	objectVersion = 50;
	objects = {

/* Begin PBXBuildFile section */
		1888447B21E897EF0024F8FD /* AppDelegate.swift in Sources */ = {isa = PBXBuildFile; fileRef = 1888447A21E897EF0024F8FD /* AppDelegate.swift */; };
		1888447D21E897EF0024F8FD /* ViewController.swift in Sources */ = {isa = PBXBuildFile; fileRef = 1888447C21E897EF0024F8FD /* ViewController.swift */; };
		1888448021E897EF0024F8FD /* Main.storyboard in Resources */ = {isa = PBXBuildFile; fileRef = 1888447E21E897EF0024F8FD /* Main.storyboard */; };
		1888448221E897F10024F8FD /* Assets.xcassets in Resources */ = {isa = PBXBuildFile; fileRef = 1888448121E897F10024F8FD /* Assets.xcassets */; };
		1888448521E897F10024F8FD /* LaunchScreen.storyboard in Resources */ = {isa = PBXBuildFile; fileRef = 1888448321E897F10024F8FD /* LaunchScreen.storyboard */; };
		1890D9D021E8AB3600472016 /* .babelrc in Resources */ = {isa = PBXBuildFile; fileRef = 1890D9CD21E8AB3600472016 /* .babelrc */; };
		1890D9D121E8AB3600472016 /* index.html in Resources */ = {isa = PBXBuildFile; fileRef = 1890D9CE21E8AB3600472016 /* index.html */; };
		1890D9D221E8AB3600472016 /* .gitignore in Resources */ = {isa = PBXBuildFile; fileRef = 1890D9CF21E8AB3600472016 /* .gitignore */; };
		1890DA0A21E8D84D00472016 /* Classic.png in Resources */ = {isa = PBXBuildFile; fileRef = 1890D9F721E8D84D00472016 /* Classic.png */; };
		1890DA0B21E8D84D00472016 /* Planes_4CAE.mtl in Resources */ = {isa = PBXBuildFile; fileRef = 1890D9F821E8D84D00472016 /* Planes_4CAE.mtl */; };
		1890DA0C21E8D84D00472016 /* Int1.png in Resources */ = {isa = PBXBuildFile; fileRef = 1890D9F921E8D84D00472016 /* Int1.png */; };
		1890DA0D21E8D84D00472016 /* Planes_4CAE.obj in Resources */ = {isa = PBXBuildFile; fileRef = 1890D9FA21E8D84D00472016 /* Planes_4CAE.obj */; };
		1890DA0E21E8D84D00472016 /* Blade.png in Resources */ = {isa = PBXBuildFile; fileRef = 1890D9FB21E8D84D00472016 /* Blade.png */; };
		1890DA0F21E8D84D00472016 /* Thumbs.db in Resources */ = {isa = PBXBuildFile; fileRef = 1890D9FD21E8D84D00472016 /* Thumbs.db */; };
		1890DA1021E8D84D00472016 /* AccessoriesRoughnessMap.png in Resources */ = {isa = PBXBuildFile; fileRef = 1890D9FE21E8D84D00472016 /* AccessoriesRoughnessMap.png */; };
		1890DA1121E8D84D00472016 /* firetruck.mtl in Resources */ = {isa = PBXBuildFile; fileRef = 1890D9FF21E8D84D00472016 /* firetruck.mtl */; };
		1890DA1221E8D84D00472016 /* AccessoriesAOMap.png in Resources */ = {isa = PBXBuildFile; fileRef = 1890DA0021E8D84D00472016 /* AccessoriesAOMap.png */; };
		1890DA1321E8D84D00472016 /* BodyAOMap.png in Resources */ = {isa = PBXBuildFile; fileRef = 1890DA0121E8D84D00472016 /* BodyAOMap.png */; };
		1890DA1421E8D84D00472016 /* AccessoriesNormalMap.png in Resources */ = {isa = PBXBuildFile; fileRef = 1890DA0221E8D84D00472016 /* AccessoriesNormalMap.png */; };
		1890DA1521E8D84D00472016 /* BodyRoughnessMap.png in Resources */ = {isa = PBXBuildFile; fileRef = 1890DA0321E8D84D00472016 /* BodyRoughnessMap.png */; };
		1890DA1621E8D84D00472016 /* AccessoriesBaseColor.png in Resources */ = {isa = PBXBuildFile; fileRef = 1890DA0421E8D84D00472016 /* AccessoriesBaseColor.png */; };
		1890DA1721E8D84D00472016 /* BodyMetallicMap.png in Resources */ = {isa = PBXBuildFile; fileRef = 1890DA0521E8D84D00472016 /* BodyMetallicMap.png */; };
		1890DA1821E8D84D00472016 /* BodyBaseColor.png in Resources */ = {isa = PBXBuildFile; fileRef = 1890DA0621E8D84D00472016 /* BodyBaseColor.png */; };
		1890DA1921E8D84D00472016 /* firetruck.obj in Resources */ = {isa = PBXBuildFile; fileRef = 1890DA0721E8D84D00472016 /* firetruck.obj */; };
		1890DA1A21E8D84D00472016 /* BodyNormalMap.png in Resources */ = {isa = PBXBuildFile; fileRef = 1890DA0821E8D84D00472016 /* BodyNormalMap.png */; };
		1890DA1B21E8D84D00472016 /* AccessoriesMetallicMap.png in Resources */ = {isa = PBXBuildFile; fileRef = 1890DA0921E8D84D00472016 /* AccessoriesMetallicMap.png */; };
		1890DA1D21E8DC1700472016 /* ViewController+WKScriptMessageHandler.swift in Sources */ = {isa = PBXBuildFile; fileRef = 1890DA1C21E8DC1700472016 /* ViewController+WKScriptMessageHandler.swift */; };
/* End PBXBuildFile section */

/* Begin PBXFileReference section */
		1888447721E897EF0024F8FD /* WebViewTest.app */ = {isa = PBXFileReference; explicitFileType = wrapper.application; includeInIndex = 0; path = WebViewTest.app; sourceTree = BUILT_PRODUCTS_DIR; };
		1888447A21E897EF0024F8FD /* AppDelegate.swift */ = {isa = PBXFileReference; lastKnownFileType = sourcecode.swift; path = AppDelegate.swift; sourceTree = "<group>"; };
		1888447C21E897EF0024F8FD /* ViewController.swift */ = {isa = PBXFileReference; lastKnownFileType = sourcecode.swift; path = ViewController.swift; sourceTree = "<group>"; };
		1888447F21E897EF0024F8FD /* Base */ = {isa = PBXFileReference; lastKnownFileType = file.storyboard; name = Base; path = Base.lproj/Main.storyboard; sourceTree = "<group>"; };
		1888448121E897F10024F8FD /* Assets.xcassets */ = {isa = PBXFileReference; lastKnownFileType = folder.assetcatalog; path = Assets.xcassets; sourceTree = "<group>"; };
		1888448421E897F10024F8FD /* Base */ = {isa = PBXFileReference; lastKnownFileType = file.storyboard; name = Base; path = Base.lproj/LaunchScreen.storyboard; sourceTree = "<group>"; };
		1888448621E897F10024F8FD /* Info.plist */ = {isa = PBXFileReference; lastKnownFileType = text.plist.xml; path = Info.plist; sourceTree = "<group>"; };
		1890D9CD21E8AB3600472016 /* .babelrc */ = {isa = PBXFileReference; fileEncoding = 4; lastKnownFileType = text; path = .babelrc; sourceTree = "<group>"; };
		1890D9CE21E8AB3600472016 /* index.html */ = {isa = PBXFileReference; fileEncoding = 4; lastKnownFileType = text.html; path = index.html; sourceTree = "<group>"; };
		1890D9CF21E8AB3600472016 /* .gitignore */ = {isa = PBXFileReference; fileEncoding = 4; lastKnownFileType = text; path = .gitignore; sourceTree = "<group>"; };
		1890D9F721E8D84D00472016 /* Classic.png */ = {isa = PBXFileReference; lastKnownFileType = image.png; path = Classic.png; sourceTree = "<group>"; };
		1890D9F821E8D84D00472016 /* Planes_4CAE.mtl */ = {isa = PBXFileReference; fileEncoding = 4; lastKnownFileType = text; path = Planes_4CAE.mtl; sourceTree = "<group>"; };
		1890D9F921E8D84D00472016 /* Int1.png */ = {isa = PBXFileReference; lastKnownFileType = image.png; path = Int1.png; sourceTree = "<group>"; };
		1890D9FA21E8D84D00472016 /* Planes_4CAE.obj */ = {isa = PBXFileReference; fileEncoding = 4; lastKnownFileType = text; path = Planes_4CAE.obj; sourceTree = "<group>"; };
		1890D9FB21E8D84D00472016 /* Blade.png */ = {isa = PBXFileReference; lastKnownFileType = image.png; path = Blade.png; sourceTree = "<group>"; };
		1890D9FD21E8D84D00472016 /* Thumbs.db */ = {isa = PBXFileReference; lastKnownFileType = file; path = Thumbs.db; sourceTree = "<group>"; };
		1890D9FE21E8D84D00472016 /* AccessoriesRoughnessMap.png */ = {isa = PBXFileReference; lastKnownFileType = image.png; path = AccessoriesRoughnessMap.png; sourceTree = "<group>"; };
		1890D9FF21E8D84D00472016 /* firetruck.mtl */ = {isa = PBXFileReference; fileEncoding = 4; lastKnownFileType = text; path = firetruck.mtl; sourceTree = "<group>"; };
		1890DA0021E8D84D00472016 /* AccessoriesAOMap.png */ = {isa = PBXFileReference; lastKnownFileType = image.png; path = AccessoriesAOMap.png; sourceTree = "<group>"; };
		1890DA0121E8D84D00472016 /* BodyAOMap.png */ = {isa = PBXFileReference; lastKnownFileType = image.png; path = BodyAOMap.png; sourceTree = "<group>"; };
		1890DA0221E8D84D00472016 /* AccessoriesNormalMap.png */ = {isa = PBXFileReference; lastKnownFileType = image.png; path = AccessoriesNormalMap.png; sourceTree = "<group>"; };
		1890DA0321E8D84D00472016 /* BodyRoughnessMap.png */ = {isa = PBXFileReference; lastKnownFileType = image.png; path = BodyRoughnessMap.png; sourceTree = "<group>"; };
		1890DA0421E8D84D00472016 /* AccessoriesBaseColor.png */ = {isa = PBXFileReference; lastKnownFileType = image.png; path = AccessoriesBaseColor.png; sourceTree = "<group>"; };
		1890DA0521E8D84D00472016 /* BodyMetallicMap.png */ = {isa = PBXFileReference; lastKnownFileType = image.png; path = BodyMetallicMap.png; sourceTree = "<group>"; };
		1890DA0621E8D84D00472016 /* BodyBaseColor.png */ = {isa = PBXFileReference; lastKnownFileType = image.png; path = BodyBaseColor.png; sourceTree = "<group>"; };
		1890DA0721E8D84D00472016 /* firetruck.obj */ = {isa = PBXFileReference; fileEncoding = 4; lastKnownFileType = text; path = firetruck.obj; sourceTree = "<group>"; };
		1890DA0821E8D84D00472016 /* BodyNormalMap.png */ = {isa = PBXFileReference; lastKnownFileType = image.png; path = BodyNormalMap.png; sourceTree = "<group>"; };
		1890DA0921E8D84D00472016 /* AccessoriesMetallicMap.png */ = {isa = PBXFileReference; lastKnownFileType = image.png; path = AccessoriesMetallicMap.png; sourceTree = "<group>"; };
		1890DA1C21E8DC1700472016 /* ViewController+WKScriptMessageHandler.swift */ = {isa = PBXFileReference; lastKnownFileType = sourcecode.swift; path = "ViewController+WKScriptMessageHandler.swift"; sourceTree = "<group>"; };
/* End PBXFileReference section */

/* Begin PBXFrameworksBuildPhase section */
		1888447421E897EF0024F8FD /* Frameworks */ = {
			isa = PBXFrameworksBuildPhase;
			buildActionMask = 2147483647;
			files = (
			);
			runOnlyForDeploymentPostprocessing = 0;
		};
/* End PBXFrameworksBuildPhase section */

/* Begin PBXGroup section */
		1888446E21E897EF0024F8FD = {
			isa = PBXGroup;
			children = (
				1888447921E897EF0024F8FD /* WebViewTest */,
				1888447821E897EF0024F8FD /* Products */,
			);
			sourceTree = "<group>";
		};
		1888447821E897EF0024F8FD /* Products */ = {
			isa = PBXGroup;
			children = (
				1888447721E897EF0024F8FD /* WebViewTest.app */,
			);
			name = Products;
			sourceTree = "<group>";
		};
		1888447921E897EF0024F8FD /* WebViewTest */ = {
			isa = PBXGroup;
			children = (
				1888447A21E897EF0024F8FD /* AppDelegate.swift */,
				1888447C21E897EF0024F8FD /* ViewController.swift */,
				1890DA1C21E8DC1700472016 /* ViewController+WKScriptMessageHandler.swift */,
				1890D9F521E8D84D00472016 /* Models */,
				1890D9CC21E8AB3600472016 /* webassets */,
				1888447E21E897EF0024F8FD /* Main.storyboard */,
				1888448121E897F10024F8FD /* Assets.xcassets */,
				1888448321E897F10024F8FD /* LaunchScreen.storyboard */,
				1888448621E897F10024F8FD /* Info.plist */,
			);
			path = WebViewTest;
			sourceTree = "<group>";
		};
		1890D9CC21E8AB3600472016 /* webassets */ = {
			isa = PBXGroup;
			children = (
				1890D9CD21E8AB3600472016 /* .babelrc */,
				1890D9CE21E8AB3600472016 /* index.html */,
				1890D9CF21E8AB3600472016 /* .gitignore */,
			);
			path = webassets;
			sourceTree = "<group>";
		};
		1890D9F521E8D84D00472016 /* Models */ = {
			isa = PBXGroup;
			children = (
				1890D9F621E8D84D00472016 /* Cessna 172 OBJ 99 Meshes */,
				1890D9FC21E8D84D00472016 /* firetrack */,
			);
			path = Models;
			sourceTree = "<group>";
		};
		1890D9F621E8D84D00472016 /* Cessna 172 OBJ 99 Meshes */ = {
			isa = PBXGroup;
			children = (
				1890D9F721E8D84D00472016 /* Classic.png */,
				1890D9F821E8D84D00472016 /* Planes_4CAE.mtl */,
				1890D9F921E8D84D00472016 /* Int1.png */,
				1890D9FA21E8D84D00472016 /* Planes_4CAE.obj */,
				1890D9FB21E8D84D00472016 /* Blade.png */,
			);
			path = "Cessna 172 OBJ 99 Meshes";
			sourceTree = "<group>";
		};
		1890D9FC21E8D84D00472016 /* firetrack */ = {
			isa = PBXGroup;
			children = (
				1890D9FD21E8D84D00472016 /* Thumbs.db */,
				1890D9FE21E8D84D00472016 /* AccessoriesRoughnessMap.png */,
				1890D9FF21E8D84D00472016 /* firetruck.mtl */,
				1890DA0021E8D84D00472016 /* AccessoriesAOMap.png */,
				1890DA0121E8D84D00472016 /* BodyAOMap.png */,
				1890DA0221E8D84D00472016 /* AccessoriesNormalMap.png */,
				1890DA0321E8D84D00472016 /* BodyRoughnessMap.png */,
				1890DA0421E8D84D00472016 /* AccessoriesBaseColor.png */,
				1890DA0521E8D84D00472016 /* BodyMetallicMap.png */,
				1890DA0621E8D84D00472016 /* BodyBaseColor.png */,
				1890DA0721E8D84D00472016 /* firetruck.obj */,
				1890DA0821E8D84D00472016 /* BodyNormalMap.png */,
				1890DA0921E8D84D00472016 /* AccessoriesMetallicMap.png */,
			);
			path = firetrack;
			sourceTree = "<group>";
		};
/* End PBXGroup section */

/* Begin PBXNativeTarget section */
		1888447621E897EF0024F8FD /* WebViewTest */ = {
			isa = PBXNativeTarget;
			buildConfigurationList = 1888448921E897F10024F8FD /* Build configuration list for PBXNativeTarget "WebViewTest" */;
			buildPhases = (
				1888447321E897EF0024F8FD /* Sources */,
				1888447421E897EF0024F8FD /* Frameworks */,
				1888447521E897EF0024F8FD /* Resources */,
			);
			buildRules = (
			);
			dependencies = (
			);
			name = WebViewTest;
			productName = WebViewTest;
			productReference = 1888447721E897EF0024F8FD /* WebViewTest.app */;
			productType = "com.apple.product-type.application";
		};
/* End PBXNativeTarget section */

/* Begin PBXProject section */
		1888446F21E897EF0024F8FD /* Project object */ = {
			isa = PBXProject;
			attributes = {
				LastSwiftUpdateCheck = 1010;
				LastUpgradeCheck = 1010;
				ORGANIZATIONNAME = "Eugene Bokhan";
				TargetAttributes = {
					1888447621E897EF0024F8FD = {
						CreatedOnToolsVersion = 10.1;
					};
				};
			};
			buildConfigurationList = 1888447221E897EF0024F8FD /* Build configuration list for PBXProject "WebViewTest" */;
			compatibilityVersion = "Xcode 9.3";
			developmentRegion = en;
			hasScannedForEncodings = 0;
			knownRegions = (
				en,
				Base,
			);
			mainGroup = 1888446E21E897EF0024F8FD;
			productRefGroup = 1888447821E897EF0024F8FD /* Products */;
			projectDirPath = "";
			projectRoot = "";
			targets = (
				1888447621E897EF0024F8FD /* WebViewTest */,
			);
		};
/* End PBXProject section */

/* Begin PBXResourcesBuildPhase section */
		1888447521E897EF0024F8FD /* Resources */ = {
			isa = PBXResourcesBuildPhase;
			buildActionMask = 2147483647;
			files = (
				1890DA0F21E8D84D00472016 /* Thumbs.db in Resources */,
				1890DA0C21E8D84D00472016 /* Int1.png in Resources */,
				1890DA1621E8D84D00472016 /* AccessoriesBaseColor.png in Resources */,
				1890DA0D21E8D84D00472016 /* Planes_4CAE.obj in Resources */,
				1890DA1521E8D84D00472016 /* BodyRoughnessMap.png in Resources */,
				1890DA1921E8D84D00472016 /* firetruck.obj in Resources */,
				1890DA1721E8D84D00472016 /* BodyMetallicMap.png in Resources */,
				1890D9D121E8AB3600472016 /* index.html in Resources */,
				1890DA0B21E8D84D00472016 /* Planes_4CAE.mtl in Resources */,
				1890DA1A21E8D84D00472016 /* BodyNormalMap.png in Resources */,
				1890DA1B21E8D84D00472016 /* AccessoriesMetallicMap.png in Resources */,
				1888448521E897F10024F8FD /* LaunchScreen.storyboard in Resources */,
				1890DA1821E8D84D00472016 /* BodyBaseColor.png in Resources */,
				1890DA1221E8D84D00472016 /* AccessoriesAOMap.png in Resources */,
				1890DA0A21E8D84D00472016 /* Classic.png in Resources */,
				1890DA1021E8D84D00472016 /* AccessoriesRoughnessMap.png in Resources */,
				1890D9D021E8AB3600472016 /* .babelrc in Resources */,
				1888448221E897F10024F8FD /* Assets.xcassets in Resources */,
				1890D9D221E8AB3600472016 /* .gitignore in Resources */,
				1890DA1421E8D84D00472016 /* AccessoriesNormalMap.png in Resources */,
				1890DA1321E8D84D00472016 /* BodyAOMap.png in Resources */,
				1888448021E897EF0024F8FD /* Main.storyboard in Resources */,
				1890DA0E21E8D84D00472016 /* Blade.png in Resources */,
				1890DA1121E8D84D00472016 /* firetruck.mtl in Resources */,
			);
			runOnlyForDeploymentPostprocessing = 0;
		};
/* End PBXResourcesBuildPhase section */

/* Begin PBXSourcesBuildPhase section */
		1888447321E897EF0024F8FD /* Sources */ = {
			isa = PBXSourcesBuildPhase;
			buildActionMask = 2147483647;
			files = (
				1888447D21E897EF0024F8FD /* ViewController.swift in Sources */,
				1890DA1D21E8DC1700472016 /* ViewController+WKScriptMessageHandler.swift in Sources */,
				1888447B21E897EF0024F8FD /* AppDelegate.swift in Sources */,
			);
			runOnlyForDeploymentPostprocessing = 0;
		};
/* End PBXSourcesBuildPhase section */

/* Begin PBXVariantGroup section */
		1888447E21E897EF0024F8FD /* Main.storyboard */ = {
			isa = PBXVariantGroup;
			children = (
				1888447F21E897EF0024F8FD /* Base */,
			);
			name = Main.storyboard;
			sourceTree = "<group>";
		};
		1888448321E897F10024F8FD /* LaunchScreen.storyboard */ = {
			isa = PBXVariantGroup;
			children = (
				1888448421E897F10024F8FD /* Base */,
			);
			name = LaunchScreen.storyboard;
			sourceTree = "<group>";
		};
/* End PBXVariantGroup section */

/* Begin XCBuildConfiguration section */
		1888448721E897F10024F8FD /* Debug */ = {
			isa = XCBuildConfiguration;
			buildSettings = {
				ALWAYS_SEARCH_USER_PATHS = NO;
				CLANG_ANALYZER_NONNULL = YES;
				CLANG_ANALYZER_NUMBER_OBJECT_CONVERSION = YES_AGGRESSIVE;
				CLANG_CXX_LANGUAGE_STANDARD = "gnu++14";
				CLANG_CXX_LIBRARY = "libc++";
				CLANG_ENABLE_MODULES = YES;
				CLANG_ENABLE_OBJC_ARC = YES;
				CLANG_ENABLE_OBJC_WEAK = YES;
				CLANG_WARN_BLOCK_CAPTURE_AUTORELEASING = YES;
				CLANG_WARN_BOOL_CONVERSION = YES;
				CLANG_WARN_COMMA = YES;
				CLANG_WARN_CONSTANT_CONVERSION = YES;
				CLANG_WARN_DEPRECATED_OBJC_IMPLEMENTATIONS = YES;
				CLANG_WARN_DIRECT_OBJC_ISA_USAGE = YES_ERROR;
				CLANG_WARN_DOCUMENTATION_COMMENTS = YES;
				CLANG_WARN_EMPTY_BODY = YES;
				CLANG_WARN_ENUM_CONVERSION = YES;
				CLANG_WARN_INFINITE_RECURSION = YES;
				CLANG_WARN_INT_CONVERSION = YES;
				CLANG_WARN_NON_LITERAL_NULL_CONVERSION = YES;
				CLANG_WARN_OBJC_IMPLICIT_RETAIN_SELF = YES;
				CLANG_WARN_OBJC_LITERAL_CONVERSION = YES;
				CLANG_WARN_OBJC_ROOT_CLASS = YES_ERROR;
				CLANG_WARN_RANGE_LOOP_ANALYSIS = YES;
				CLANG_WARN_STRICT_PROTOTYPES = YES;
				CLANG_WARN_SUSPICIOUS_MOVE = YES;
				CLANG_WARN_UNGUARDED_AVAILABILITY = YES_AGGRESSIVE;
				CLANG_WARN_UNREACHABLE_CODE = YES;
				CLANG_WARN__DUPLICATE_METHOD_MATCH = YES;
				CODE_SIGN_IDENTITY = "iPhone Developer";
				COPY_PHASE_STRIP = NO;
				DEBUG_INFORMATION_FORMAT = dwarf;
				ENABLE_STRICT_OBJC_MSGSEND = YES;
				ENABLE_TESTABILITY = YES;
				GCC_C_LANGUAGE_STANDARD = gnu11;
				GCC_DYNAMIC_NO_PIC = NO;
				GCC_NO_COMMON_BLOCKS = YES;
				GCC_OPTIMIZATION_LEVEL = 0;
				GCC_PREPROCESSOR_DEFINITIONS = (
					"DEBUG=1",
					"$(inherited)",
				);
				GCC_WARN_64_TO_32_BIT_CONVERSION = YES;
				GCC_WARN_ABOUT_RETURN_TYPE = YES_ERROR;
				GCC_WARN_UNDECLARED_SELECTOR = YES;
				GCC_WARN_UNINITIALIZED_AUTOS = YES_AGGRESSIVE;
				GCC_WARN_UNUSED_FUNCTION = YES;
				GCC_WARN_UNUSED_VARIABLE = YES;
				IPHONEOS_DEPLOYMENT_TARGET = 12.1;
				MTL_ENABLE_DEBUG_INFO = INCLUDE_SOURCE;
				MTL_FAST_MATH = YES;
				ONLY_ACTIVE_ARCH = YES;
				SDKROOT = iphoneos;
				SWIFT_ACTIVE_COMPILATION_CONDITIONS = DEBUG;
				SWIFT_OPTIMIZATION_LEVEL = "-Onone";
			};
			name = Debug;
		};
		1888448821E897F10024F8FD /* Release */ = {
			isa = XCBuildConfiguration;
			buildSettings = {
				ALWAYS_SEARCH_USER_PATHS = NO;
				CLANG_ANALYZER_NONNULL = YES;
				CLANG_ANALYZER_NUMBER_OBJECT_CONVERSION = YES_AGGRESSIVE;
				CLANG_CXX_LANGUAGE_STANDARD = "gnu++14";
				CLANG_CXX_LIBRARY = "libc++";
				CLANG_ENABLE_MODULES = YES;
				CLANG_ENABLE_OBJC_ARC = YES;
				CLANG_ENABLE_OBJC_WEAK = YES;
				CLANG_WARN_BLOCK_CAPTURE_AUTORELEASING = YES;
				CLANG_WARN_BOOL_CONVERSION = YES;
				CLANG_WARN_COMMA = YES;
				CLANG_WARN_CONSTANT_CONVERSION = YES;
				CLANG_WARN_DEPRECATED_OBJC_IMPLEMENTATIONS = YES;
				CLANG_WARN_DIRECT_OBJC_ISA_USAGE = YES_ERROR;
				CLANG_WARN_DOCUMENTATION_COMMENTS = YES;
				CLANG_WARN_EMPTY_BODY = YES;
				CLANG_WARN_ENUM_CONVERSION = YES;
				CLANG_WARN_INFINITE_RECURSION = YES;
				CLANG_WARN_INT_CONVERSION = YES;
				CLANG_WARN_NON_LITERAL_NULL_CONVERSION = YES;
				CLANG_WARN_OBJC_IMPLICIT_RETAIN_SELF = YES;
				CLANG_WARN_OBJC_LITERAL_CONVERSION = YES;
				CLANG_WARN_OBJC_ROOT_CLASS = YES_ERROR;
				CLANG_WARN_RANGE_LOOP_ANALYSIS = YES;
				CLANG_WARN_STRICT_PROTOTYPES = YES;
				CLANG_WARN_SUSPICIOUS_MOVE = YES;
				CLANG_WARN_UNGUARDED_AVAILABILITY = YES_AGGRESSIVE;
				CLANG_WARN_UNREACHABLE_CODE = YES;
				CLANG_WARN__DUPLICATE_METHOD_MATCH = YES;
				CODE_SIGN_IDENTITY = "iPhone Developer";
				COPY_PHASE_STRIP = NO;
				DEBUG_INFORMATION_FORMAT = "dwarf-with-dsym";
				ENABLE_NS_ASSERTIONS = NO;
				ENABLE_STRICT_OBJC_MSGSEND = YES;
				GCC_C_LANGUAGE_STANDARD = gnu11;
				GCC_NO_COMMON_BLOCKS = YES;
				GCC_WARN_64_TO_32_BIT_CONVERSION = YES;
				GCC_WARN_ABOUT_RETURN_TYPE = YES_ERROR;
				GCC_WARN_UNDECLARED_SELECTOR = YES;
				GCC_WARN_UNINITIALIZED_AUTOS = YES_AGGRESSIVE;
				GCC_WARN_UNUSED_FUNCTION = YES;
				GCC_WARN_UNUSED_VARIABLE = YES;
				IPHONEOS_DEPLOYMENT_TARGET = 12.1;
				MTL_ENABLE_DEBUG_INFO = NO;
				MTL_FAST_MATH = YES;
				SDKROOT = iphoneos;
				SWIFT_COMPILATION_MODE = wholemodule;
				SWIFT_OPTIMIZATION_LEVEL = "-O";
				VALIDATE_PRODUCT = YES;
			};
			name = Release;
		};
		1888448A21E897F10024F8FD /* Debug */ = {
			isa = XCBuildConfiguration;
			buildSettings = {
				ASSETCATALOG_COMPILER_APPICON_NAME = AppIcon;
				CODE_SIGN_STYLE = Automatic;
				DEVELOPMENT_TEAM = 63TG84TE66;
				INFOPLIST_FILE = WebViewTest/Info.plist;
				LD_RUNPATH_SEARCH_PATHS = (
					"$(inherited)",
					"@executable_path/Frameworks",
				);
				PRODUCT_BUNDLE_IDENTIFIER = com.eugenebokhan.test;
				PRODUCT_NAME = "$(TARGET_NAME)";
				SWIFT_VERSION = 4.2;
				TARGETED_DEVICE_FAMILY = "1,2";
			};
			name = Debug;
		};
		1888448B21E897F10024F8FD /* Release */ = {
			isa = XCBuildConfiguration;
			buildSettings = {
				ASSETCATALOG_COMPILER_APPICON_NAME = AppIcon;
				CODE_SIGN_STYLE = Automatic;
				DEVELOPMENT_TEAM = 63TG84TE66;
				INFOPLIST_FILE = WebViewTest/Info.plist;
				LD_RUNPATH_SEARCH_PATHS = (
					"$(inherited)",
					"@executable_path/Frameworks",
				);
				PRODUCT_BUNDLE_IDENTIFIER = com.eugenebokhan.test;
				PRODUCT_NAME = "$(TARGET_NAME)";
				SWIFT_VERSION = 4.2;
				TARGETED_DEVICE_FAMILY = "1,2";
			};
			name = Release;
		};
/* End XCBuildConfiguration section */

/* Begin XCConfigurationList section */
		1888447221E897EF0024F8FD /* Build configuration list for PBXProject "WebViewTest" */ = {
			isa = XCConfigurationList;
			buildConfigurations = (
				1888448721E897F10024F8FD /* Debug */,
				1888448821E897F10024F8FD /* Release */,
			);
			defaultConfigurationIsVisible = 0;
			defaultConfigurationName = Release;
		};
		1888448921E897F10024F8FD /* Build configuration list for PBXNativeTarget "WebViewTest" */ = {
			isa = XCConfigurationList;
			buildConfigurations = (
				1888448A21E897F10024F8FD /* Debug */,
				1888448B21E897F10024F8FD /* Release */,
			);
			defaultConfigurationIsVisible = 0;
			defaultConfigurationName = Release;
		};
/* End XCConfigurationList section */
	};
	rootObject = 1888446F21E897EF0024F8FD /* Project object */;
}
